
Microsoft Visual Studio Solution File, Format Version 12.00
# Visual Studio Version 16
VisualStudioVersion = 16.0.31321.278
MinimumVisualStudioVersion = 10.0.40219.1
Project("{FAE04EC0-301F-11D3-BF4B-00C04F79EFBC}") = "TrainingGit", "TrainingGit\TrainingGit.csproj", "{DE3D169A-7A66-4ACC-8F6F-CA1CB18C620C}"
EndProject
Global
	GlobalSection(SolutionConfigurationPlatforms) = preSolution
		Debug|Any CPU = Debug|Any CPU
		Release|Any CPU = Release|Any CPU
	EndGlobalSection
	GlobalSection(ProjectConfigurationPlatforms) = postSolution
		{DE3D169A-7A66-4ACC-8F6F-CA1CB18C620C}.Debug|Any CPU.ActiveCfg = Debug|Any CPU
		{DE3D169A-7A66-4ACC-8F6F-CA1CB18C620C}.Debug|Any CPU.Build.0 = Debug|Any CPU
		{DE3D169A-7A66-4ACC-8F6F-CA1CB18C620C}.Release|Any CPU.ActiveCfg = Release|Any CPU
		{DE3D169A-7A66-4ACC-8F6F-CA1CB18C620C}.Release|Any CPU.Build.0 = Release|Any CPU
	EndGlobalSection
	GlobalSection(SolutionProperties) = preSolution
		HideSolutionNode = FALSE
	EndGlobalSection
	GlobalSection(ExtensibilityGlobals) = postSolution
		SolutionGuid = {C17670FE-E0FC-4001-82AA-849B77DB42DC}
	EndGlobalSection
EndGlobal
